
Microsoft Visual Studio Solution File, Format Version 12.00
# Visual Studio Version 17
VisualStudioVersion = 17.12.35514.174
MinimumVisualStudioVersion = 10.0.40219.1
Project("{FAE04EC0-301F-11D3-BF4B-00C04F79EFBC}") = "Algoritmos", "Algoritmo DDA\Algoritmos.csproj", "{F81B3D88-7682-4982-8153-8F650F6E6FF3}"
EndProject
Global
	GlobalSection(SolutionConfigurationPlatforms) = preSolution
		Debug|Any CPU = Debug|Any CPU
		Release|Any CPU = Release|Any CPU
	EndGlobalSection
	GlobalSection(ProjectConfigurationPlatforms) = postSolution
		{F81B3D88-7682-4982-8153-8F650F6E6FF3}.Debug|Any CPU.ActiveCfg = Debug|Any CPU
		{F81B3D88-7682-4982-8153-8F650F6E6FF3}.Debug|Any CPU.Build.0 = Debug|Any CPU
		{F81B3D88-7682-4982-8153-8F650F6E6FF3}.Release|Any CPU.ActiveCfg = Release|Any CPU
		{F81B3D88-7682-4982-8153-8F650F6E6FF3}.Release|Any CPU.Build.0 = Release|Any CPU
	EndGlobalSection
	GlobalSection(SolutionProperties) = preSolution
		HideSolutionNode = FALSE
	EndGlobalSection
EndGlobal
